[[package]]
name = "asgiref"
version = "3.5.2"
description = "ASGI specs, helper code, and adapters"
category = "main"
optional = false
python-versions = ">=3.7"

[package.extras]
tests = ["mypy (>=0.800)", "pytest", "pytest-asyncio"]

[[package]]
name = "django"
version = "4.1.3"
description = "A high-level Python web framework that encourages rapid development and clean, pragmatic design."
category = "main"
optional = false
python-versions = ">=3.8"

[package.dependencies]
asgiref = ">=3.5.2,<4"
sqlparse = ">=0.2.2"
tzdata = {version = "*", markers = "sys_platform == \"win32\""}

[package.extras]
argon2 = ["argon2-cffi (>=19.1.0)"]
bcrypt = ["bcrypt"]

[[package]]
name = "django-cors-headers"
version = "3.13.0"
description = "django-cors-headers is a Django application for handling the server headers required for Cross-Origin Resource Sharing (CORS)."
category = "main"
optional = false
python-versions = ">=3.7"

[package.dependencies]
Django = ">=3.2"

[[package]]
name = "djangorestframework"
version = "3.14.0"
description = "Web APIs for Django, made easy."
category = "main"
optional = false
python-versions = ">=3.6"

[package.dependencies]
django = ">=3.0"
pytz = "*"

[[package]]
name = "events"
version = "0.4"
description = "Bringing the elegance of C# EventHandler to Python"
category = "main"
optional = false
python-versions = "*"

[[package]]
name = "googleapis-common-protos"
version = "1.57.0"
description = "Common protobufs used in Google APIs"
category = "main"
optional = false
python-versions = ">=3.7"

[package.dependencies]
protobuf = ">=3.19.5,<3.20.0 || >3.20.0,<3.20.1 || >3.20.1,<4.21.1 || >4.21.1,<4.21.2 || >4.21.2,<4.21.3 || >4.21.3,<4.21.4 || >4.21.4,<4.21.5 || >4.21.5,<5.0.0dev"

[package.extras]
grpc = ["grpcio (>=1.44.0,<2.0.0dev)"]

[[package]]
name = "grpcio"
version = "1.50.0"
description = "HTTP/2-based RPC framework"
category = "main"
optional = false
python-versions = ">=3.7"

[package.dependencies]
six = ">=1.5.2"

[package.extras]
protobuf = ["grpcio-tools (>=1.50.0)"]

[[package]]
name = "gunicorn"
version = "20.1.0"
description = "WSGI HTTP Server for UNIX"
category = "main"
optional = false
python-versions = ">=3.5"

[package.dependencies]
setuptools = ">=3.0"

[package.extras]
eventlet = ["eventlet (>=0.24.1)"]
gevent = ["gevent (>=1.4.0)"]
setproctitle = ["setproctitle"]
tornado = ["tornado (>=0.2)"]

[[package]]
name = "paho-mqtt"
version = "1.6.1"
description = "MQTT version 5.0/3.1.1 client class"
category = "main"
optional = false
python-versions = "*"

[package.extras]
proxy = ["PySocks"]

[[package]]
name = "protobuf"
version = "4.21.9"
description = ""
category = "main"
optional = false
python-versions = ">=3.7"

[[package]]
name = "python-decouple"
version = "3.6"
description = "Strict separation of settings from code."
category = "main"
optional = false
python-versions = "*"

[[package]]
name = "pytz"
version = "2022.6"
description = "World timezone definitions, modern and historical"
category = "main"
optional = false
python-versions = "*"

[[package]]
name = "setuptools"
version = "65.5.1"
description = "Easily download, build, install, upgrade, and uninstall Python packages"
category = "main"
optional = false
python-versions = ">=3.7"

[package.extras]
docs = ["furo", "jaraco.packaging (>=9)", "jaraco.tidelift (>=1.4)", "pygments-github-lexers (==0.0.5)", "rst.linker (>=1.9)", "sphinx (>=3.5)", "sphinx-favicon", "sphinx-hoverxref (<2)", "sphinx-inline-tabs", "sphinx-notfound-page (==0.8.3)", "sphinx-reredirects", "sphinxcontrib-towncrier"]
testing = ["build[virtualenv]", "filelock (>=3.4.0)", "flake8 (<5)", "flake8-2020", "ini2toml[lite] (>=0.9)", "jaraco.envs (>=2.2)", "jaraco.path (>=3.2.0)", "pip (>=19.1)", "pip-run (>=8.8)", "pytest (>=6)", "pytest-black (>=0.3.7)", "pytest-checkdocs (>=2.4)", "pytest-cov", "pytest-enabler (>=1.3)", "pytest-flake8", "pytest-mypy (>=0.9.1)", "pytest-perf", "pytest-timeout", "pytest-xdist", "tomli-w (>=1.0.0)", "virtualenv (>=13.0.0)", "wheel"]
testing-integration = ["build[virtualenv]", "filelock (>=3.4.0)", "jaraco.envs (>=2.2)", "jaraco.path (>=3.2.0)", "pytest", "pytest-enabler", "pytest-xdist", "tomli", "virtualenv (>=13.0.0)", "wheel"]

[[package]]
name = "six"
version = "1.16.0"
description = "Python 2 and 3 compatibility utilities"
category = "main"
optional = false
python-versions = ">=2.7, !=3.0.*, !=3.1.*, !=3.2.*"

[[package]]
name = "sqlparse"
version = "0.4.3"
description = "A non-validating SQL parser."
category = "main"
optional = false
python-versions = ">=3.5"

[[package]]
name = "ttn"
version = "2.1.5"
description = "The Things Network Client"
category = "main"
optional = false
python-versions = "*"

[package.dependencies]
events = "*"
googleapis-common-protos = "*"
grpcio = "*"
paho-mqtt = "*"
protobuf = "*"

[[package]]
name = "tzdata"
version = "2022.6"
description = "Provider of IANA time zone data"
category = "main"
optional = false
python-versions = ">=2"

[metadata]
lock-version = "1.1"
python-versions = "3.9.15"
content-hash = "70f746e1bc91377feff449de02a5fd7ae549548783ecddaf81b40fb16abf14df"

[metadata.files]
asgiref = [
    {file = "asgiref-3.5.2-py3-none-any.whl", hash = "sha256:1d2880b792ae8757289136f1db2b7b99100ce959b2aa57fd69dab783d05afac4"},
    {file = "asgiref-3.5.2.tar.gz", hash = "sha256:4a29362a6acebe09bf1d6640db38c1dc3d9217c68e6f9f6204d72667fc19a424"},
]
django = [
    {file = "Django-4.1.3-py3-none-any.whl", hash = "sha256:6b1de6886cae14c7c44d188f580f8ba8da05750f544c80ae5ad43375ab293cd5"},
    {file = "Django-4.1.3.tar.gz", hash = "sha256:678bbfc8604eb246ed54e2063f0765f13b321a50526bdc8cb1f943eda7fa31f1"},
]
django-cors-headers = [
    {file = "django-cors-headers-3.13.0.tar.gz", hash = "sha256:f9dc6b4e3f611c3199700b3e5f3398c28757dcd559c2f82932687f3d0443cfdf"},
    {file = "django_cors_headers-3.13.0-py3-none-any.whl", hash = "sha256:37e42883b5f1f2295df6b4bba96eb2417a14a03270cb24b2a07f021cd4487cf4"},
]
djangorestframework = [
    {file = "djangorestframework-3.14.0-py3-none-any.whl", hash = "sha256:eb63f58c9f218e1a7d064d17a70751f528ed4e1d35547fdade9aaf4cd103fd08"},
    {file = "djangorestframework-3.14.0.tar.gz", hash = "sha256:579a333e6256b09489cbe0a067e66abe55c6595d8926be6b99423786334350c8"},
]
events = [
    {file = "Events-0.4.tar.gz", hash = "sha256:01d9dd2a061f908d74a89fa5c8f07baa694f02a2a5974983663faaf7a97180f5"},
]
googleapis-common-protos = [
    {file = "googleapis-common-protos-1.57.0.tar.gz", hash = "sha256:27a849d6205838fb6cc3c1c21cb9800707a661bb21c6ce7fb13e99eb1f8a0c46"},
    {file = "googleapis_common_protos-1.57.0-py2.py3-none-any.whl", hash = "sha256:a9f4a1d7f6d9809657b7f1316a1aa527f6664891531bcfcc13b6696e685f443c"},
]
grpcio = [
    {file = "grpcio-1.50.0-cp310-cp310-linux_armv7l.whl", hash = "sha256:906f4d1beb83b3496be91684c47a5d870ee628715227d5d7c54b04a8de802974"},
    {file = "grpcio-1.50.0-cp310-cp310-macosx_12_0_x86_64.whl", hash = "sha256:2d9fd6e38b16c4d286a01e1776fdf6c7a4123d99ae8d6b3f0b4a03a34bf6ce45"},
    {file = "grpcio-1.50.0-cp310-cp310-manylinux_2_17_aarch64.whl", hash = "sha256:4b123fbb7a777a2fedec684ca0b723d85e1d2379b6032a9a9b7851829ed3ca9a"},
    {file = "grpcio-1.50.0-cp310-cp310-manylinux_2_17_i686.manylinux2014_i686.whl", hash = "sha256:b2f77a90ba7b85bfb31329f8eab9d9540da2cf8a302128fb1241d7ea239a5469"},
    {file = "grpcio-1.50.0-cp310-cp310-manylinux_2_17_x86_64.manylinux2014_x86_64.whl", hash = "sha256:9eea18a878cffc804506d39c6682d71f6b42ec1c151d21865a95fae743fda500"},
    {file = "grpcio-1.50.0-cp310-cp310-musllinux_1_1_i686.whl", hash = "sha256:2b71916fa8f9eb2abd93151fafe12e18cebb302686b924bd4ec39266211da525"},
    {file = "grpcio-1.50.0-cp310-cp310-musllinux_1_1_x86_64.whl", hash = "sha256:95ce51f7a09491fb3da8cf3935005bff19983b77c4e9437ef77235d787b06842"},
    {file = "grpcio-1.50.0-cp310-cp310-win32.whl", hash = "sha256:f7025930039a011ed7d7e7ef95a1cb5f516e23c5a6ecc7947259b67bea8e06ca"},
    {file = "grpcio-1.50.0-cp310-cp310-win_amd64.whl", hash = "sha256:05f7c248e440f538aaad13eee78ef35f0541e73498dd6f832fe284542ac4b298"},
    {file = "grpcio-1.50.0-cp311-cp311-linux_armv7l.whl", hash = "sha256:ca8a2254ab88482936ce941485c1c20cdeaef0efa71a61dbad171ab6758ec998"},
    {file = "grpcio-1.50.0-cp311-cp311-macosx_10_10_x86_64.whl", hash = "sha256:3b611b3de3dfd2c47549ca01abfa9bbb95937eb0ea546ea1d762a335739887be"},
    {file = "grpcio-1.50.0-cp311-cp311-manylinux_2_17_i686.manylinux2014_i686.whl", hash = "sha256:1a4cd8cb09d1bc70b3ea37802be484c5ae5a576108bad14728f2516279165dd7"},
    {file = "grpcio-1.50.0-cp311-cp311-manylinux_2_17_x86_64.manylinux2014_x86_64.whl", hash = "sha256:156f8009e36780fab48c979c5605eda646065d4695deea4cfcbcfdd06627ddb6"},
    {file = "grpcio-1.50.0-cp311-cp311-musllinux_1_1_i686.whl", hash = "sha256:de411d2b030134b642c092e986d21aefb9d26a28bf5a18c47dd08ded411a3bc5"},
    {file = "grpcio-1.50.0-cp311-cp311-musllinux_1_1_x86_64.whl", hash = "sha256:d144ad10eeca4c1d1ce930faa105899f86f5d99cecfe0d7224f3c4c76265c15e"},
    {file = "grpcio-1.50.0-cp311-cp311-win32.whl", hash = "sha256:92d7635d1059d40d2ec29c8bf5ec58900120b3ce5150ef7414119430a4b2dd5c"},
    {file = "grpcio-1.50.0-cp311-cp311-win_amd64.whl", hash = "sha256:ce8513aee0af9c159319692bfbf488b718d1793d764798c3d5cff827a09e25ef"},
    {file = "grpcio-1.50.0-cp37-cp37m-linux_armv7l.whl", hash = "sha256:8e8999a097ad89b30d584c034929f7c0be280cd7851ac23e9067111167dcbf55"},
    {file = "grpcio-1.50.0-cp37-cp37m-macosx_10_10_x86_64.whl", hash = "sha256:a50a1be449b9e238b9bd43d3857d40edf65df9416dea988929891d92a9f8a778"},
    {file = "grpcio-1.50.0-cp37-cp37m-manylinux_2_17_aarch64.whl", hash = "sha256:cf151f97f5f381163912e8952eb5b3afe89dec9ed723d1561d59cabf1e219a35"},
    {file = "grpcio-1.50.0-cp37-cp37m-manylinux_2_17_i686.manylinux2014_i686.whl", hash = "sha256:a23d47f2fc7111869f0ff547f771733661ff2818562b04b9ed674fa208e261f4"},
    {file = "grpcio-1.50.0-cp37-cp37m-manylinux_2_17_x86_64.manylinux2014_x86_64.whl", hash = "sha256:d84d04dec64cc4ed726d07c5d17b73c343c8ddcd6b59c7199c801d6bbb9d9ed1"},
    {file = "grpcio-1.50.0-cp37-cp37m-musllinux_1_1_i686.whl", hash = "sha256:67dd41a31f6fc5c7db097a5c14a3fa588af54736ffc174af4411d34c4f306f68"},
    {file = "grpcio-1.50.0-cp37-cp37m-musllinux_1_1_x86_64.whl", hash = "sha256:8d4c8e73bf20fb53fe5a7318e768b9734cf122fe671fcce75654b98ba12dfb75"},
    {file = "grpcio-1.50.0-cp37-cp37m-win32.whl", hash = "sha256:7489dbb901f4fdf7aec8d3753eadd40839c9085967737606d2c35b43074eea24"},
    {file = "grpcio-1.50.0-cp37-cp37m-win_amd64.whl", hash = "sha256:531f8b46f3d3db91d9ef285191825d108090856b3bc86a75b7c3930f16ce432f"},
    {file = "grpcio-1.50.0-cp38-cp38-linux_armv7l.whl", hash = "sha256:d534d169673dd5e6e12fb57cc67664c2641361e1a0885545495e65a7b761b0f4"},
    {file = "grpcio-1.50.0-cp38-cp38-macosx_10_10_x86_64.whl", hash = "sha256:1d8d02dbb616c0a9260ce587eb751c9c7dc689bc39efa6a88cc4fa3e9c138a7b"},
    {file = "grpcio-1.50.0-cp38-cp38-manylinux_2_17_aarch64.whl", hash = "sha256:baab51dcc4f2aecabf4ed1e2f57bceab240987c8b03533f1cef90890e6502067"},
    {file = "grpcio-1.50.0-cp38-cp38-manylinux_2_17_i686.manylinux2014_i686.whl", hash = "sha256:40838061e24f960b853d7bce85086c8e1b81c6342b1f4c47ff0edd44bbae2722"},
    {file = "grpcio-1.50.0-cp38-cp38-manylinux_2_17_x86_64.manylinux2014_x86_64.whl", hash = "sha256:931e746d0f75b2a5cff0a1197d21827a3a2f400c06bace036762110f19d3d507"},
    {file = "grpcio-1.50.0-cp38-cp38-musllinux_1_1_i686.whl", hash = "sha256:15f9e6d7f564e8f0776770e6ef32dac172c6f9960c478616c366862933fa08b4"},
    {file = "grpcio-1.50.0-cp38-cp38-musllinux_1_1_x86_64.whl", hash = "sha256:a4c23e54f58e016761b576976da6a34d876420b993f45f66a2bfb00363ecc1f9"},
    {file = "grpcio-1.50.0-cp38-cp38-win32.whl", hash = "sha256:3e4244c09cc1b65c286d709658c061f12c61c814be0b7030a2d9966ff02611e0"},
    {file = "grpcio-1.50.0-cp38-cp38-win_amd64.whl", hash = "sha256:8e69aa4e9b7f065f01d3fdcecbe0397895a772d99954bb82eefbb1682d274518"},
    {file = "grpcio-1.50.0-cp39-cp39-linux_armv7l.whl", hash = "sha256:af98d49e56605a2912cf330b4627e5286243242706c3a9fa0bcec6e6f68646fc"},
    {file = "grpcio-1.50.0-cp39-cp39-macosx_10_10_x86_64.whl", hash = "sha256:080b66253f29e1646ac53ef288c12944b131a2829488ac3bac8f52abb4413c0d"},
    {file = "grpcio-1.50.0-cp39-cp39-manylinux_2_17_aarch64.whl", hash = "sha256:ab5d0e3590f0a16cb88de4a3fa78d10eb66a84ca80901eb2c17c1d2c308c230f"},
    {file = "grpcio-1.50.0-cp39-cp39-manylinux_2_17_i686.manylinux2014_i686.whl", hash = "sha256:cb11464f480e6103c59d558a3875bd84eed6723f0921290325ebe97262ae1347"},
    {file = "grpcio-1.50.0-cp39-cp39-manylinux_2_17_x86_64.manylinux2014_x86_64.whl", hash = "sha256:e07fe0d7ae395897981d16be61f0db9791f482f03fee7d1851fe20ddb4f69c03"},
    {file = "grpcio-1.50.0-cp39-cp39-musllinux_1_1_i686.whl", hash = "sha256:d75061367a69808ab2e84c960e9dce54749bcc1e44ad3f85deee3a6c75b4ede9"},
    {file = "grpcio-1.50.0-cp39-cp39-musllinux_1_1_x86_64.whl", hash = "sha256:ae23daa7eda93c1c49a9ecc316e027ceb99adbad750fbd3a56fa9e4a2ffd5ae0"},
    {file = "grpcio-1.50.0-cp39-cp39-win32.whl", hash = "sha256:177afaa7dba3ab5bfc211a71b90da1b887d441df33732e94e26860b3321434d9"},
    {file = "grpcio-1.50.0-cp39-cp39-win_amd64.whl", hash = "sha256:ea8ccf95e4c7e20419b7827aa5b6da6f02720270686ac63bd3493a651830235c"},
    {file = "grpcio-1.50.0.tar.gz", hash = "sha256:12b479839a5e753580b5e6053571de14006157f2ef9b71f38c56dc9b23b95ad6"},
]
gunicorn = [
    {file = "gunicorn-20.1.0-py3-none-any.whl", hash = "sha256:9dcc4547dbb1cb284accfb15ab5667a0e5d1881cc443e0677b4882a4067a807e"},
    {file = "gunicorn-20.1.0.tar.gz", hash = "sha256:e0a968b5ba15f8a328fdfd7ab1fcb5af4470c28aaf7e55df02a99bc13138e6e8"},
]
paho-mqtt = [
    {file = "paho-mqtt-1.6.1.tar.gz", hash = "sha256:2a8291c81623aec00372b5a85558a372c747cbca8e9934dfe218638b8eefc26f"},
]
protobuf = [
    {file = "protobuf-4.21.9-cp310-abi3-win32.whl", hash = "sha256:6e0be9f09bf9b6cf497b27425487706fa48c6d1632ddd94dab1a5fe11a422392"},
    {file = "protobuf-4.21.9-cp310-abi3-win_amd64.whl", hash = "sha256:a7d0ea43949d45b836234f4ebb5ba0b22e7432d065394b532cdca8f98415e3cf"},
    {file = "protobuf-4.21.9-cp37-abi3-macosx_10_9_universal2.whl", hash = "sha256:b5ab0b8918c136345ff045d4b3d5f719b505b7c8af45092d7f45e304f55e50a1"},
    {file = "protobuf-4.21.9-cp37-abi3-manylinux2014_aarch64.whl", hash = "sha256:2c9c2ed7466ad565f18668aa4731c535511c5d9a40c6da39524bccf43e441719"},
    {file = "protobuf-4.21.9-cp37-abi3-manylinux2014_x86_64.whl", hash = "sha256:e575c57dc8b5b2b2caa436c16d44ef6981f2235eb7179bfc847557886376d740"},
    {file = "protobuf-4.21.9-cp37-cp37m-win32.whl", hash = "sha256:9227c14010acd9ae7702d6467b4625b6fe853175a6b150e539b21d2b2f2b409c"},
    {file = "protobuf-4.21.9-cp37-cp37m-win_amd64.whl", hash = "sha256:a419cc95fca8694804709b8c4f2326266d29659b126a93befe210f5bbc772536"},
    {file = "protobuf-4.21.9-cp38-cp38-win32.whl", hash = "sha256:5b0834e61fb38f34ba8840d7dcb2e5a2f03de0c714e0293b3963b79db26de8ce"},
    {file = "protobuf-4.21.9-cp38-cp38-win_amd64.whl", hash = "sha256:84ea107016244dfc1eecae7684f7ce13c788b9a644cd3fca5b77871366556444"},
    {file = "protobuf-4.21.9-cp39-cp39-win32.whl", hash = "sha256:f9eae277dd240ae19bb06ff4e2346e771252b0e619421965504bd1b1bba7c5fa"},
    {file = "protobuf-4.21.9-cp39-cp39-win_amd64.whl", hash = "sha256:6e312e280fbe3c74ea9e080d9e6080b636798b5e3939242298b591064470b06b"},
    {file = "protobuf-4.21.9-py2.py3-none-any.whl", hash = "sha256:7eb8f2cc41a34e9c956c256e3ac766cf4e1a4c9c925dc757a41a01be3e852965"},
    {file = "protobuf-4.21.9-py3-none-any.whl", hash = "sha256:48e2cd6b88c6ed3d5877a3ea40df79d08374088e89bedc32557348848dff250b"},
    {file = "protobuf-4.21.9.tar.gz", hash = "sha256:61f21493d96d2a77f9ca84fefa105872550ab5ef71d21c458eb80edcf4885a99"},
]
python-decouple = [
    {file = "python-decouple-3.6.tar.gz", hash = "sha256:2838cdf77a5cf127d7e8b339ce14c25bceb3af3e674e039d4901ba16359968c7"},
    {file = "python_decouple-3.6-py3-none-any.whl", hash = "sha256:6cf502dc963a5c642ea5ead069847df3d916a6420cad5599185de6bab11d8c2e"},
]
pytz = [
    {file = "pytz-2022.6-py2.py3-none-any.whl", hash = "sha256:222439474e9c98fced559f1709d89e6c9cbf8d79c794ff3eb9f8800064291427"},
    {file = "pytz-2022.6.tar.gz", hash = "sha256:e89512406b793ca39f5971bc999cc538ce125c0e51c27941bef4568b460095e2"},
]
setuptools = [
    {file = "setuptools-65.5.1-py3-none-any.whl", hash = "sha256:d0b9a8433464d5800cbe05094acf5c6d52a91bfac9b52bcfc4d41382be5d5d31"},
    {file = "setuptools-65.5.1.tar.gz", hash = "sha256:e197a19aa8ec9722928f2206f8de752def0e4c9fc6953527360d1c36d94ddb2f"},
]
six = [
    {file = "six-1.16.0-py2.py3-none-any.whl", hash = "sha256:8abb2f1d86890a2dfb989f9a77cfcfd3e47c2a354b01111771326f8aa26e0254"},
    {file = "six-1.16.0.tar.gz", hash = "sha256:1e61c37477a1626458e36f7b1d82aa5c9b094fa4802892072e49de9c60c4c926"},
]
sqlparse = [
    {file = "sqlparse-0.4.3-py3-none-any.whl", hash = "sha256:0323c0ec29cd52bceabc1b4d9d579e311f3e4961b98d174201d5622a23b85e34"},
    {file = "sqlparse-0.4.3.tar.gz", hash = "sha256:69ca804846bb114d2ec380e4360a8a340db83f0ccf3afceeb1404df028f57268"},
]
ttn = [
    {file = "ttn-2.1.5.tar.gz", hash = "sha256:f4be5e4fc396a2ac169034a5f5c14063b459c17857f016fe2254946c8480c196"},
]
tzdata = [
    {file = "tzdata-2022.6-py2.py3-none-any.whl", hash = "sha256:04a680bdc5b15750c39c12a448885a51134a27ec9af83667663f0b3a1bf3f342"},
    {file = "tzdata-2022.6.tar.gz", hash = "sha256:91f11db4503385928c15598c98573e3af07e7229181bee5375bd30f1695ddcae"},
]
